// !$*UTF8*$!
{
	archiveVersion = 1;
	classes = {
	};
	objectVersion = 50;
	objects = {

/* Begin PBXBuildFile section */
		88011EAE26560E4800C469F2 /* GameDetail.storyboard in Resources */ = {isa = PBXBuildFile; fileRef = 88011EAD26560E4800C469F2 /* GameDetail.storyboard */; };
		8811FE7C26485CF900E78864 /* GameCell.swift in Sources */ = {isa = PBXBuildFile; fileRef = 8811FE7B26485CF900E78864 /* GameCell.swift */; };
		8811FE7F26485D0500E78864 /* GamePresentation.swift in Sources */ = {isa = PBXBuildFile; fileRef = 8811FE7E26485D0500E78864 /* GamePresentation.swift */; };
		8811FE8526487D6C00E78864 /* Games.storyboard in Resources */ = {isa = PBXBuildFile; fileRef = 8811FE8426487D6C00E78864 /* Games.storyboard */; };
		8811FE882648882A00E78864 /* UIStoryboard.swift in Sources */ = {isa = PBXBuildFile; fileRef = 8811FE872648882900E78864 /* UIStoryboard.swift */; };
		8811FE8B264888AD00E78864 /* StoryboardName.swift in Sources */ = {isa = PBXBuildFile; fileRef = 8811FE8A264888AD00E78864 /* StoryboardName.swift */; };
		8811FE8F26488E3400E78864 /* SearchListResponseDTO.swift in Sources */ = {isa = PBXBuildFile; fileRef = 8811FE8E26488E3400E78864 /* SearchListResponseDTO.swift */; };
		8811FE92264894F500E78864 /* SearchResponseDTO.swift in Sources */ = {isa = PBXBuildFile; fileRef = 8811FE91264894F500E78864 /* SearchResponseDTO.swift */; };
		8811FE952648955D00E78864 /* GenreResponseDTO.swift in Sources */ = {isa = PBXBuildFile; fileRef = 8811FE942648955D00E78864 /* GenreResponseDTO.swift */; };
		8811FE982648B4A500E78864 /* DataWrapper.swift in Sources */ = {isa = PBXBuildFile; fileRef = 8811FE972648B4A500E78864 /* DataWrapper.swift */; };
		885314E424791CD50054F839 /* Assets.xcassets in Resources */ = {isa = PBXBuildFile; fileRef = 885314E324791CD50054F839 /* Assets.xcassets */; };
		8894A170248314A40009F8A6 /* App.swift in Sources */ = {isa = PBXBuildFile; fileRef = 8894A16F248314A40009F8A6 /* App.swift */; };
		8894A173248318ED0009F8A6 /* RouterProtocol.swift in Sources */ = {isa = PBXBuildFile; fileRef = 8894A172248318ED0009F8A6 /* RouterProtocol.swift */; };
		8894A1762483199E0009F8A6 /* MainRouter.swift in Sources */ = {isa = PBXBuildFile; fileRef = 8894A1752483199E0009F8A6 /* MainRouter.swift */; };
		8894A18024832DF90009F8A6 /* MainTabBarController.swift in Sources */ = {isa = PBXBuildFile; fileRef = 8894A17F24832DF80009F8A6 /* MainTabBarController.swift */; };
		8894A18224832E760009F8A6 /* MainScene.swift in Sources */ = {isa = PBXBuildFile; fileRef = 8894A18124832E760009F8A6 /* MainScene.swift */; };
		8894A184248330F80009F8A6 /* FavouritesRouter.swift in Sources */ = {isa = PBXBuildFile; fileRef = 8894A183248330F80009F8A6 /* FavouritesRouter.swift */; };
		8894A186248331120009F8A6 /* GamesRouter.swift in Sources */ = {isa = PBXBuildFile; fileRef = 8894A185248331120009F8A6 /* GamesRouter.swift */; };
		8894A1902483328B0009F8A6 /* GamesVC.swift in Sources */ = {isa = PBXBuildFile; fileRef = 8894A18F2483328B0009F8A6 /* GamesVC.swift */; };
		8894A193248336E80009F8A6 /* String.swift in Sources */ = {isa = PBXBuildFile; fileRef = 8894A192248336E80009F8A6 /* String.swift */; };
		8894A1962483385F0009F8A6 /* Localizable.strings in Resources */ = {isa = PBXBuildFile; fileRef = 8894A1982483385F0009F8A6 /* Localizable.strings */; };
		8894A19B24833E720009F8A6 /* MainContainer.swift in Sources */ = {isa = PBXBuildFile; fileRef = 8894A19A24833E720009F8A6 /* MainContainer.swift */; };
		8894A19D24833F5B0009F8A6 /* LaunchScreen.storyboard in Resources */ = {isa = PBXBuildFile; fileRef = 8894A19C24833F5B0009F8A6 /* LaunchScreen.storyboard */; };
		8894A19F248457410009F8A6 /* GamesBuilder.swift in Sources */ = {isa = PBXBuildFile; fileRef = 8894A19E248457410009F8A6 /* GamesBuilder.swift */; };
		8894A1A1248457560009F8A6 /* GamesContract.swift in Sources */ = {isa = PBXBuildFile; fileRef = 8894A1A0248457560009F8A6 /* GamesContract.swift */; };
		8894A1A3248457640009F8A6 /* GamesVM.swift in Sources */ = {isa = PBXBuildFile; fileRef = 8894A1A2248457640009F8A6 /* GamesVM.swift */; };
		8894A1A5248C2F8F0009F8A6 /* ContainerProtocol.swift in Sources */ = {isa = PBXBuildFile; fileRef = 8894A1A4248C2F8F0009F8A6 /* ContainerProtocol.swift */; };
		88961E382647F8D2008FA7ED /* AppConfiguration.swift in Sources */ = {isa = PBXBuildFile; fileRef = 88961E372647F8D1008FA7ED /* AppConfiguration.swift */; };
		88961E3C2647F9D6008FA7ED /* NetworkManager.swift in Sources */ = {isa = PBXBuildFile; fileRef = 88961E3B2647F9D6008FA7ED /* NetworkManager.swift */; };
		88961E492647FFDA008FA7ED /* NetworkService.swift in Sources */ = {isa = PBXBuildFile; fileRef = 88961E482647FFDA008FA7ED /* NetworkService.swift */; };
		88961E4D26480004008FA7ED /* NetworkError.swift in Sources */ = {isa = PBXBuildFile; fileRef = 88961E4C26480004008FA7ED /* NetworkError.swift */; };
		88961E502648010D008FA7ED /* NetworkResult.swift in Sources */ = {isa = PBXBuildFile; fileRef = 88961E4F2648010D008FA7ED /* NetworkResult.swift */; };
		88961E5326480220008FA7ED /* Data.swift in Sources */ = {isa = PBXBuildFile; fileRef = 88961E5226480220008FA7ED /* Data.swift */; };
		88961E5626480A9F008FA7ED /* Print.swift in Sources */ = {isa = PBXBuildFile; fileRef = 88961E5526480A9F008FA7ED /* Print.swift */; };
		88961E5926480F08008FA7ED /* Encodable.swift in Sources */ = {isa = PBXBuildFile; fileRef = 88961E5826480F08008FA7ED /* Encodable.swift */; };
		88961E5D26482034008FA7ED /* SearchRequestDTO.swift in Sources */ = {isa = PBXBuildFile; fileRef = 88961E5C26482034008FA7ED /* SearchRequestDTO.swift */; };
		88961E60264836B4008FA7ED /* DetailRequestDTO.swift in Sources */ = {isa = PBXBuildFile; fileRef = 88961E5F264836B4008FA7ED /* DetailRequestDTO.swift */; };
		8898EDBC26547AE900EF97E5 /* GameDetail.swift in Sources */ = {isa = PBXBuildFile; fileRef = 8898EDBB26547AE900EF97E5 /* GameDetail.swift */; };
		8898EDBF26547C5200EF97E5 /* DetailResponseDTO.swift in Sources */ = {isa = PBXBuildFile; fileRef = 8898EDBE26547C5200EF97E5 /* DetailResponseDTO.swift */; };
		8898EDC42654881000EF97E5 /* StorageManager.swift in Sources */ = {isa = PBXBuildFile; fileRef = 8898EDC32654881000EF97E5 /* StorageManager.swift */; };
		8898EDCE2654911900EF97E5 /* FavouriteStorageModel.swift in Sources */ = {isa = PBXBuildFile; fileRef = 8898EDCD2654911800EF97E5 /* FavouriteStorageModel.swift */; };
		88AD4DB52656015800FB6A79 /* GameDetailVC.swift in Sources */ = {isa = PBXBuildFile; fileRef = 88AD4DB42656015800FB6A79 /* GameDetailVC.swift */; };
		88AD4DB82656016400FB6A79 /* GameDetailVM.swift in Sources */ = {isa = PBXBuildFile; fileRef = 88AD4DB72656016400FB6A79 /* GameDetailVM.swift */; };
		88AEA1F82657063100E83B8B /* GameDetailPresentation.swift in Sources */ = {isa = PBXBuildFile; fileRef = 88AEA1F72657063100E83B8B /* GameDetailPresentation.swift */; };
		88AEA22F26571AAE00E83B8B /* UILabel.swift in Sources */ = {isa = PBXBuildFile; fileRef = 88AEA22E26571AAE00E83B8B /* UILabel.swift */; };
		88AEA23E2657407B00E83B8B /* StorageService.swift in Sources */ = {isa = PBXBuildFile; fileRef = 88AEA23D2657407B00E83B8B /* StorageService.swift */; };
		88AEA2422657408900E83B8B /* FavouriteStorageService.swift in Sources */ = {isa = PBXBuildFile; fileRef = 88AEA2412657408900E83B8B /* FavouriteStorageService.swift */; };
		88AEA24626574B4B00E83B8B /* Favourites.storyboard in Resources */ = {isa = PBXBuildFile; fileRef = 88AEA24526574B4B00E83B8B /* Favourites.storyboard */; };
		88AEA24926574B9900E83B8B /* FavouriteCell.swift in Sources */ = {isa = PBXBuildFile; fileRef = 88AEA24826574B9900E83B8B /* FavouriteCell.swift */; };
		88AEA24C26574BCF00E83B8B /* FavouritePresentation.swift in Sources */ = {isa = PBXBuildFile; fileRef = 88AEA24B26574BCF00E83B8B /* FavouritePresentation.swift */; };
		88B01F282651C36E00E84E69 /* ImageCacheManager.swift in Sources */ = {isa = PBXBuildFile; fileRef = 88B01F272651C36E00E84E69 /* ImageCacheManager.swift */; };
		88B01F2B2651C6EA00E84E69 /* UIImage.swift in Sources */ = {isa = PBXBuildFile; fileRef = 88B01F2A2651C6EA00E84E69 /* UIImage.swift */; };
		88B01F2F26537D8200E84E69 /* Observable.swift in Sources */ = {isa = PBXBuildFile; fileRef = 88B01F2E26537D8200E84E69 /* Observable.swift */; };
		88B01F342653814800E84E69 /* Game.swift in Sources */ = {isa = PBXBuildFile; fileRef = 88B01F332653814800E84E69 /* Game.swift */; };
		88B48598249571C8002D8DD8 /* NavigatingRouterProtocol.swift in Sources */ = {isa = PBXBuildFile; fileRef = 88B48597249571C8002D8DD8 /* NavigatingRouterProtocol.swift */; };
		88B6974C2647B69D00E36A1F /* AppDelegate.swift in Sources */ = {isa = PBXBuildFile; fileRef = 88B6974B2647B69D00E36A1F /* AppDelegate.swift */; };
		88B6975B2647B90E00E36A1F /* ContainerBuilder.swift in Sources */ = {isa = PBXBuildFile; fileRef = 88B6975A2647B90E00E36A1F /* ContainerBuilder.swift */; };
		88B697612647CA2800E36A1F /* FavouritesVC.swift in Sources */ = {isa = PBXBuildFile; fileRef = 88B697602647CA2800E36A1F /* FavouritesVC.swift */; };
		88B6976C2647D9E200E36A1F /* FavouritesBuilder.swift in Sources */ = {isa = PBXBuildFile; fileRef = 88B6976B2647D9E200E36A1F /* FavouritesBuilder.swift */; };
		88B697702647DADF00E36A1F /* FavouritesVM.swift in Sources */ = {isa = PBXBuildFile; fileRef = 88B6976F2647DADF00E36A1F /* FavouritesVM.swift */; };
		88B697732647DAEF00E36A1F /* FavouritesContract.swift in Sources */ = {isa = PBXBuildFile; fileRef = 88B697722647DAEF00E36A1F /* FavouritesContract.swift */; };
		88FD02B42656009C00470DBB /* GameDetailBuilder.swift in Sources */ = {isa = PBXBuildFile; fileRef = 88FD02B32656009C00470DBB /* GameDetailBuilder.swift */; };
		88FD02B82656010A00470DBB /* GameDetailContract.swift in Sources */ = {isa = PBXBuildFile; fileRef = 88FD02B72656010A00470DBB /* GameDetailContract.swift */; };
		FCD020366CE10D6F129A2503 /* libPods-games.a in Frameworks */ = {isa = PBXBuildFile; fileRef = 7B508184064393999C6F3BD7 /* libPods-games.a */; };
/* End PBXBuildFile section */

/* Begin PBXFileReference section */
		21F39E2EE8617D42975A0C21 /* Pods-games.release.xcconfig */ = {isa = PBXFileReference; includeInIndex = 1; lastKnownFileType = text.xcconfig; name = "Pods-games.release.xcconfig"; path = "Target Support Files/Pods-games/Pods-games.release.xcconfig"; sourceTree = "<group>"; };
		7B508184064393999C6F3BD7 /* libPods-games.a */ = {isa = PBXFileReference; explicitFileType = archive.ar; includeInIndex = 0; path = "libPods-games.a"; sourceTree = BUILT_PRODUCTS_DIR; };
		88011EAD26560E4800C469F2 /* GameDetail.storyboard */ = {isa = PBXFileReference; lastKnownFileType = file.storyboard; path = GameDetail.storyboard; sourceTree = "<group>"; };
		8811FE7B26485CF900E78864 /* GameCell.swift */ = {isa = PBXFileReference; lastKnownFileType = sourcecode.swift; path = GameCell.swift; sourceTree = "<group>"; };
		8811FE7E26485D0500E78864 /* GamePresentation.swift */ = {isa = PBXFileReference; lastKnownFileType = sourcecode.swift; path = GamePresentation.swift; sourceTree = "<group>"; };
		8811FE81264870EA00E78864 /* games.entitlements */ = {isa = PBXFileReference; lastKnownFileType = text.plist.entitlements; path = games.entitlements; sourceTree = "<group>"; };
		8811FE8426487D6C00E78864 /* Games.storyboard */ = {isa = PBXFileReference; lastKnownFileType = file.storyboard; path = Games.storyboard; sourceTree = "<group>"; };
		8811FE872648882900E78864 /* UIStoryboard.swift */ = {isa = PBXFileReference; lastKnownFileType = sourcecode.swift; path = UIStoryboard.swift; sourceTree = "<group>"; };
		8811FE8A264888AD00E78864 /* StoryboardName.swift */ = {isa = PBXFileReference; lastKnownFileType = sourcecode.swift; path = StoryboardName.swift; sourceTree = "<group>"; };
		8811FE8E26488E3400E78864 /* SearchListResponseDTO.swift */ = {isa = PBXFileReference; lastKnownFileType = sourcecode.swift; path = SearchListResponseDTO.swift; sourceTree = "<group>"; };
		8811FE91264894F500E78864 /* SearchResponseDTO.swift */ = {isa = PBXFileReference; lastKnownFileType = sourcecode.swift; path = SearchResponseDTO.swift; sourceTree = "<group>"; };
		8811FE942648955D00E78864 /* GenreResponseDTO.swift */ = {isa = PBXFileReference; lastKnownFileType = sourcecode.swift; path = GenreResponseDTO.swift; sourceTree = "<group>"; };
		8811FE972648B4A500E78864 /* DataWrapper.swift */ = {isa = PBXFileReference; lastKnownFileType = sourcecode.swift; path = DataWrapper.swift; sourceTree = "<group>"; };
		885314D724791CCF0054F839 /* games.app */ = {isa = PBXFileReference; explicitFileType = wrapper.application; includeInIndex = 0; path = games.app; sourceTree = BUILT_PRODUCTS_DIR; };
		885314E324791CD50054F839 /* Assets.xcassets */ = {isa = PBXFileReference; lastKnownFileType = folder.assetcatalog; path = Assets.xcassets; sourceTree = "<group>"; };
		885314E824791CD50054F839 /* Info.plist */ = {isa = PBXFileReference; lastKnownFileType = text.plist.xml; name = Info.plist; path = ../Info.plist; sourceTree = "<group>"; };
		8894A16F248314A40009F8A6 /* App.swift */ = {isa = PBXFileReference; lastKnownFileType = sourcecode.swift; path = App.swift; sourceTree = "<group>"; };
		8894A172248318ED0009F8A6 /* RouterProtocol.swift */ = {isa = PBXFileReference; lastKnownFileType = sourcecode.swift; path = RouterProtocol.swift; sourceTree = "<group>"; };
		8894A1752483199E0009F8A6 /* MainRouter.swift */ = {isa = PBXFileReference; lastKnownFileType = sourcecode.swift; path = MainRouter.swift; sourceTree = "<group>"; };
		8894A17F24832DF80009F8A6 /* MainTabBarController.swift */ = {isa = PBXFileReference; lastKnownFileType = sourcecode.swift; path = MainTabBarController.swift; sourceTree = "<group>"; };
		8894A18124832E760009F8A6 /* MainScene.swift */ = {isa = PBXFileReference; lastKnownFileType = sourcecode.swift; path = MainScene.swift; sourceTree = "<group>"; };
		8894A183248330F80009F8A6 /* FavouritesRouter.swift */ = {isa = PBXFileReference; lastKnownFileType = sourcecode.swift; path = FavouritesRouter.swift; sourceTree = "<group>"; };
		8894A185248331120009F8A6 /* GamesRouter.swift */ = {isa = PBXFileReference; lastKnownFileType = sourcecode.swift; path = GamesRouter.swift; sourceTree = "<group>"; };
		8894A18F2483328B0009F8A6 /* GamesVC.swift */ = {isa = PBXFileReference; lastKnownFileType = sourcecode.swift; path = GamesVC.swift; sourceTree = "<group>"; };
		8894A192248336E80009F8A6 /* String.swift */ = {isa = PBXFileReference; lastKnownFileType = sourcecode.swift; path = String.swift; sourceTree = "<group>"; };
		8894A1972483385F0009F8A6 /* en */ = {isa = PBXFileReference; lastKnownFileType = text.plist.strings; name = en; path = en.lproj/Localizable.strings; sourceTree = "<group>"; };
		8894A199248338CF0009F8A6 /* tr */ = {isa = PBXFileReference; lastKnownFileType = text.plist.strings; name = tr; path = tr.lproj/Localizable.strings; sourceTree = "<group>"; };
		8894A19A24833E720009F8A6 /* MainContainer.swift */ = {isa = PBXFileReference; lastKnownFileType = sourcecode.swift; path = MainContainer.swift; sourceTree = "<group>"; };
		8894A19C24833F5B0009F8A6 /* LaunchScreen.storyboard */ = {isa = PBXFileReference; lastKnownFileType = file.storyboard; path = LaunchScreen.storyboard; sourceTree = "<group>"; };
		8894A19E248457410009F8A6 /* GamesBuilder.swift */ = {isa = PBXFileReference; lastKnownFileType = sourcecode.swift; path = GamesBuilder.swift; sourceTree = "<group>"; };
		8894A1A0248457560009F8A6 /* GamesContract.swift */ = {isa = PBXFileReference; lastKnownFileType = sourcecode.swift; path = GamesContract.swift; sourceTree = "<group>"; };
		8894A1A2248457640009F8A6 /* GamesVM.swift */ = {isa = PBXFileReference; lastKnownFileType = sourcecode.swift; path = GamesVM.swift; sourceTree = "<group>"; };
		8894A1A4248C2F8F0009F8A6 /* ContainerProtocol.swift */ = {isa = PBXFileReference; lastKnownFileType = sourcecode.swift; path = ContainerProtocol.swift; sourceTree = "<group>"; };
		88961E372647F8D1008FA7ED /* AppConfiguration.swift */ = {isa = PBXFileReference; lastKnownFileType = sourcecode.swift; path = AppConfiguration.swift; sourceTree = "<group>"; };
		88961E3B2647F9D6008FA7ED /* NetworkManager.swift */ = {isa = PBXFileReference; lastKnownFileType = sourcecode.swift; path = NetworkManager.swift; sourceTree = "<group>"; };
		88961E482647FFDA008FA7ED /* NetworkService.swift */ = {isa = PBXFileReference; lastKnownFileType = sourcecode.swift; path = NetworkService.swift; sourceTree = "<group>"; };
		88961E4C26480004008FA7ED /* NetworkError.swift */ = {isa = PBXFileReference; lastKnownFileType = sourcecode.swift; path = NetworkError.swift; sourceTree = "<group>"; };
		88961E4F2648010D008FA7ED /* NetworkResult.swift */ = {isa = PBXFileReference; lastKnownFileType = sourcecode.swift; path = NetworkResult.swift; sourceTree = "<group>"; };
		88961E5226480220008FA7ED /* Data.swift */ = {isa = PBXFileReference; lastKnownFileType = sourcecode.swift; path = Data.swift; sourceTree = "<group>"; };
		88961E5526480A9F008FA7ED /* Print.swift */ = {isa = PBXFileReference; lastKnownFileType = sourcecode.swift; path = Print.swift; sourceTree = "<group>"; };
		88961E5826480F08008FA7ED /* Encodable.swift */ = {isa = PBXFileReference; lastKnownFileType = sourcecode.swift; path = Encodable.swift; sourceTree = "<group>"; };
		88961E5C26482034008FA7ED /* SearchRequestDTO.swift */ = {isa = PBXFileReference; lastKnownFileType = sourcecode.swift; path = SearchRequestDTO.swift; sourceTree = "<group>"; };
		88961E5F264836B4008FA7ED /* DetailRequestDTO.swift */ = {isa = PBXFileReference; lastKnownFileType = sourcecode.swift; path = DetailRequestDTO.swift; sourceTree = "<group>"; };
		8898EDBB26547AE900EF97E5 /* GameDetail.swift */ = {isa = PBXFileReference; lastKnownFileType = sourcecode.swift; path = GameDetail.swift; sourceTree = "<group>"; };
		8898EDBE26547C5200EF97E5 /* DetailResponseDTO.swift */ = {isa = PBXFileReference; lastKnownFileType = sourcecode.swift; path = DetailResponseDTO.swift; sourceTree = "<group>"; };
		8898EDC32654881000EF97E5 /* StorageManager.swift */ = {isa = PBXFileReference; lastKnownFileType = sourcecode.swift; path = StorageManager.swift; sourceTree = "<group>"; };
		8898EDCD2654911800EF97E5 /* FavouriteStorageModel.swift */ = {isa = PBXFileReference; lastKnownFileType = sourcecode.swift; path = FavouriteStorageModel.swift; sourceTree = "<group>"; };
		88AD4DB42656015800FB6A79 /* GameDetailVC.swift */ = {isa = PBXFileReference; lastKnownFileType = sourcecode.swift; path = GameDetailVC.swift; sourceTree = "<group>"; };
		88AD4DB72656016400FB6A79 /* GameDetailVM.swift */ = {isa = PBXFileReference; lastKnownFileType = sourcecode.swift; path = GameDetailVM.swift; sourceTree = "<group>"; };
		88AEA1F72657063100E83B8B /* GameDetailPresentation.swift */ = {isa = PBXFileReference; lastKnownFileType = sourcecode.swift; path = GameDetailPresentation.swift; sourceTree = "<group>"; };
		88AEA22E26571AAE00E83B8B /* UILabel.swift */ = {isa = PBXFileReference; lastKnownFileType = sourcecode.swift; path = UILabel.swift; sourceTree = "<group>"; };
		88AEA23D2657407B00E83B8B /* StorageService.swift */ = {isa = PBXFileReference; fileEncoding = 4; lastKnownFileType = sourcecode.swift; path = StorageService.swift; sourceTree = "<group>"; };
		88AEA2412657408900E83B8B /* FavouriteStorageService.swift */ = {isa = PBXFileReference; fileEncoding = 4; lastKnownFileType = sourcecode.swift; path = FavouriteStorageService.swift; sourceTree = "<group>"; };
		88AEA24526574B4B00E83B8B /* Favourites.storyboard */ = {isa = PBXFileReference; lastKnownFileType = file.storyboard; path = Favourites.storyboard; sourceTree = "<group>"; };
		88AEA24826574B9900E83B8B /* FavouriteCell.swift */ = {isa = PBXFileReference; lastKnownFileType = sourcecode.swift; path = FavouriteCell.swift; sourceTree = "<group>"; };
		88AEA24B26574BCF00E83B8B /* FavouritePresentation.swift */ = {isa = PBXFileReference; lastKnownFileType = sourcecode.swift; path = FavouritePresentation.swift; sourceTree = "<group>"; };
		88B01F272651C36E00E84E69 /* ImageCacheManager.swift */ = {isa = PBXFileReference; lastKnownFileType = sourcecode.swift; path = ImageCacheManager.swift; sourceTree = "<group>"; };
		88B01F2A2651C6EA00E84E69 /* UIImage.swift */ = {isa = PBXFileReference; lastKnownFileType = sourcecode.swift; path = UIImage.swift; sourceTree = "<group>"; };
		88B01F2E26537D8200E84E69 /* Observable.swift */ = {isa = PBXFileReference; lastKnownFileType = sourcecode.swift; path = Observable.swift; sourceTree = "<group>"; };
		88B01F332653814800E84E69 /* Game.swift */ = {isa = PBXFileReference; lastKnownFileType = sourcecode.swift; path = Game.swift; sourceTree = "<group>"; };
		88B48597249571C8002D8DD8 /* NavigatingRouterProtocol.swift */ = {isa = PBXFileReference; lastKnownFileType = sourcecode.swift; path = NavigatingRouterProtocol.swift; sourceTree = "<group>"; };
		88B6974B2647B69D00E36A1F /* AppDelegate.swift */ = {isa = PBXFileReference; fileEncoding = 4; lastKnownFileType = sourcecode.swift; name = AppDelegate.swift; path = games/AppDelegate.swift; sourceTree = SOURCE_ROOT; };
		88B6975A2647B90E00E36A1F /* ContainerBuilder.swift */ = {isa = PBXFileReference; lastKnownFileType = sourcecode.swift; path = ContainerBuilder.swift; sourceTree = "<group>"; };
		88B697602647CA2800E36A1F /* FavouritesVC.swift */ = {isa = PBXFileReference; lastKnownFileType = sourcecode.swift; path = FavouritesVC.swift; sourceTree = "<group>"; };
		88B6976B2647D9E200E36A1F /* FavouritesBuilder.swift */ = {isa = PBXFileReference; lastKnownFileType = sourcecode.swift; path = FavouritesBuilder.swift; sourceTree = "<group>"; };
		88B6976F2647DADF00E36A1F /* FavouritesVM.swift */ = {isa = PBXFileReference; lastKnownFileType = sourcecode.swift; path = FavouritesVM.swift; sourceTree = "<group>"; };
		88B697722647DAEF00E36A1F /* FavouritesContract.swift */ = {isa = PBXFileReference; lastKnownFileType = sourcecode.swift; path = FavouritesContract.swift; sourceTree = "<group>"; };
		88FD02B32656009C00470DBB /* GameDetailBuilder.swift */ = {isa = PBXFileReference; lastKnownFileType = sourcecode.swift; path = GameDetailBuilder.swift; sourceTree = "<group>"; };
		88FD02B72656010A00470DBB /* GameDetailContract.swift */ = {isa = PBXFileReference; lastKnownFileType = sourcecode.swift; path = GameDetailContract.swift; sourceTree = "<group>"; };
		B5F154B7502FE26A75EA5066 /* Pods-games.debug.xcconfig */ = {isa = PBXFileReference; includeInIndex = 1; lastKnownFileType = text.xcconfig; name = "Pods-games.debug.xcconfig"; path = "Target Support Files/Pods-games/Pods-games.debug.xcconfig"; sourceTree = "<group>"; };
/* End PBXFileReference section */

/* Begin PBXFrameworksBuildPhase section */
		885314D424791CCF0054F839 /* Frameworks */ = {
			isa = PBXFrameworksBuildPhase;
			buildActionMask = 2147483647;
			files = (
				FCD020366CE10D6F129A2503 /* libPods-games.a in Frameworks */,
			);
			runOnlyForDeploymentPostprocessing = 0;
		};
/* End PBXFrameworksBuildPhase section */

/* Begin PBXGroup section */
		03FA763ECB25ABCC49B395CE /* Frameworks */ = {
			isa = PBXGroup;
			children = (
				7B508184064393999C6F3BD7 /* libPods-games.a */,
			);
			name = Frameworks;
			sourceTree = "<group>";
		};
		06A0DD5E020C7FF5AEEAC7DE /* Pods */ = {
			isa = PBXGroup;
			children = (
				B5F154B7502FE26A75EA5066 /* Pods-games.debug.xcconfig */,
				21F39E2EE8617D42975A0C21 /* Pods-games.release.xcconfig */,
			);
			path = Pods;
			sourceTree = "<group>";
		};
		885314CE24791CCE0054F839 = {
			isa = PBXGroup;
			children = (
				885314D924791CCF0054F839 /* games */,
				885314D824791CCF0054F839 /* Products */,
				06A0DD5E020C7FF5AEEAC7DE /* Pods */,
				03FA763ECB25ABCC49B395CE /* Frameworks */,
			);
			sourceTree = "<group>";
		};
		885314D824791CCF0054F839 /* Products */ = {
			isa = PBXGroup;
			children = (
				885314D724791CCF0054F839 /* games.app */,
			);
			name = Products;
			sourceTree = "<group>";
		};
		885314D924791CCF0054F839 /* games */ = {
			isa = PBXGroup;
			children = (
				8811FE81264870EA00E78864 /* games.entitlements */,
				8894A16C248312E40009F8A6 /* App */,
				8894A17D24832DC20009F8A6 /* Component */,
				8894A191248336D30009F8A6 /* Extension */,
				8894A17B248321C00009F8A6 /* Manager */,
				88B01F322653812F00E84E69 /* Model */,
				88961E442647FF88008FA7ED /* Network */,
				8894A16E248313E80009F8A6 /* Resources */,
				8894A16D248312EF0009F8A6 /* Scene */,
				8898EDC2265487DB00EF97E5 /* Storage */,
			);
			path = games;
			sourceTree = "<group>";
		};
		8894A16C248312E40009F8A6 /* App */ = {
			isa = PBXGroup;
			children = (
				8894A16F248314A40009F8A6 /* App.swift */,
				88961E372647F8D1008FA7ED /* AppConfiguration.swift */,
				88B6974B2647B69D00E36A1F /* AppDelegate.swift */,
				88B48596248C4A2F002D8DD8 /* Builder */,
				8894A17C24832B120009F8A6 /* Container */,
				8894A17824831AC50009F8A6 /* Protocol */,
				8894A1742483197F0009F8A6 /* Router */,
			);
			path = App;
			sourceTree = "<group>";
		};
		8894A16D248312EF0009F8A6 /* Scene */ = {
			isa = PBXGroup;
			children = (
				8894A19C24833F5B0009F8A6 /* LaunchScreen.storyboard */,
				88B6975F2647CA0300E36A1F /* Favourites */,
				88FD02B22656007700470DBB /* GameDetail */,
				8894A18C248332010009F8A6 /* Games */,
			);
			path = Scene;
			sourceTree = "<group>";
		};
		8894A16E248313E80009F8A6 /* Resources */ = {
			isa = PBXGroup;
			children = (
				885314E824791CD50054F839 /* Info.plist */,
				885314E324791CD50054F839 /* Assets.xcassets */,
				8894A1982483385F0009F8A6 /* Localizable.strings */,
			);
			path = Resources;
			sourceTree = "<group>";
		};
		8894A1742483197F0009F8A6 /* Router */ = {
			isa = PBXGroup;
			children = (
				8894A183248330F80009F8A6 /* FavouritesRouter.swift */,
				8894A185248331120009F8A6 /* GamesRouter.swift */,
				8894A1752483199E0009F8A6 /* MainRouter.swift */,
			);
			path = Router;
			sourceTree = "<group>";
		};
		8894A17824831AC50009F8A6 /* Protocol */ = {
			isa = PBXGroup;
			children = (
				8894A1A4248C2F8F0009F8A6 /* ContainerProtocol.swift */,
				88B48597249571C8002D8DD8 /* NavigatingRouterProtocol.swift */,
				8894A172248318ED0009F8A6 /* RouterProtocol.swift */,
			);
			path = Protocol;
			sourceTree = "<group>";
		};
		8894A17B248321C00009F8A6 /* Manager */ = {
			isa = PBXGroup;
			children = (
				88B01F272651C36E00E84E69 /* ImageCacheManager.swift */,
				88961E3B2647F9D6008FA7ED /* NetworkManager.swift */,
				8898EDC32654881000EF97E5 /* StorageManager.swift */,
			);
			path = Manager;
			sourceTree = "<group>";
		};
		8894A17C24832B120009F8A6 /* Container */ = {
			isa = PBXGroup;
			children = (
				8894A19A24833E720009F8A6 /* MainContainer.swift */,
			);
			path = Container;
			sourceTree = "<group>";
		};
		8894A17D24832DC20009F8A6 /* Component */ = {
			isa = PBXGroup;
			children = (
				8811FE972648B4A500E78864 /* DataWrapper.swift */,
				88B01F2E26537D8200E84E69 /* Observable.swift */,
				8811FE8A264888AD00E78864 /* StoryboardName.swift */,
				8894A17E24832DD30009F8A6 /* Navigation */,
			);
			path = Component;
			sourceTree = "<group>";
		};
		8894A17E24832DD30009F8A6 /* Navigation */ = {
			isa = PBXGroup;
			children = (
				8894A17F24832DF80009F8A6 /* MainTabBarController.swift */,
				8894A18124832E760009F8A6 /* MainScene.swift */,
			);
			path = Navigation;
			sourceTree = "<group>";
		};
		8894A18C248332010009F8A6 /* Games */ = {
			isa = PBXGroup;
			children = (
				8811FE8426487D6C00E78864 /* Games.storyboard */,
				8811FE7B26485CF900E78864 /* GameCell.swift */,
				8811FE7E26485D0500E78864 /* GamePresentation.swift */,
				8894A19E248457410009F8A6 /* GamesBuilder.swift */,
				8894A1A0248457560009F8A6 /* GamesContract.swift */,
				8894A18F2483328B0009F8A6 /* GamesVC.swift */,
				8894A1A2248457640009F8A6 /* GamesVM.swift */,
			);
			path = Games;
			sourceTree = "<group>";
		};
		8894A191248336D30009F8A6 /* Extension */ = {
			isa = PBXGroup;
			children = (
				88961E5226480220008FA7ED /* Data.swift */,
				88961E5826480F08008FA7ED /* Encodable.swift */,
				88961E5526480A9F008FA7ED /* Print.swift */,
				8894A192248336E80009F8A6 /* String.swift */,
				88B01F2A2651C6EA00E84E69 /* UIImage.swift */,
				88AEA22E26571AAE00E83B8B /* UILabel.swift */,
				8811FE872648882900E78864 /* UIStoryboard.swift */,
			);
			path = Extension;
			sourceTree = "<group>";
		};
		88961E442647FF88008FA7ED /* Network */ = {
			isa = PBXGroup;
			children = (
				88961E452647FF97008FA7ED /* Base */,
				88961E462647FFAD008FA7ED /* Model */,
			);
			path = Network;
			sourceTree = "<group>";
		};
		88961E452647FF97008FA7ED /* Base */ = {
			isa = PBXGroup;
			children = (
				88961E482647FFDA008FA7ED /* NetworkService.swift */,
				88961E4C26480004008FA7ED /* NetworkError.swift */,
				88961E4F2648010D008FA7ED /* NetworkResult.swift */,
			);
			path = Base;
			sourceTree = "<group>";
		};
		88961E462647FFAD008FA7ED /* Model */ = {
			isa = PBXGroup;
			children = (
				88961E5F264836B4008FA7ED /* DetailRequestDTO.swift */,
				8898EDBE26547C5200EF97E5 /* DetailResponseDTO.swift */,
				8811FE942648955D00E78864 /* GenreResponseDTO.swift */,
				8811FE8E26488E3400E78864 /* SearchListResponseDTO.swift */,
				88961E5C26482034008FA7ED /* SearchRequestDTO.swift */,
				8811FE91264894F500E78864 /* SearchResponseDTO.swift */,
			);
			path = Model;
			sourceTree = "<group>";
		};
		8898EDC2265487DB00EF97E5 /* Storage */ = {
			isa = PBXGroup;
			children = (
				8898EDD0265492D700EF97E5 /* Base */,
				8898EDC926548E0300EF97E5 /* Model */,
				88AEA2402657408900E83B8B /* Service */,
			);
			path = Storage;
			sourceTree = "<group>";
		};
		8898EDC926548E0300EF97E5 /* Model */ = {
			isa = PBXGroup;
			children = (
				8898EDCD2654911800EF97E5 /* FavouriteStorageModel.swift */,
			);
			path = Model;
			sourceTree = "<group>";
		};
		8898EDD0265492D700EF97E5 /* Base */ = {
			isa = PBXGroup;
			children = (
				88AEA23D2657407B00E83B8B /* StorageService.swift */,
			);
			path = Base;
			sourceTree = "<group>";
		};
		88AEA2402657408900E83B8B /* Service */ = {
			isa = PBXGroup;
			children = (
				88AEA2412657408900E83B8B /* FavouriteStorageService.swift */,
			);
			path = Service;
			sourceTree = "<group>";
		};
		88B01F322653812F00E84E69 /* Model */ = {
			isa = PBXGroup;
			children = (
				88B01F332653814800E84E69 /* Game.swift */,
				8898EDBB26547AE900EF97E5 /* GameDetail.swift */,
			);
			path = Model;
			sourceTree = "<group>";
		};
		88B48596248C4A2F002D8DD8 /* Builder */ = {
			isa = PBXGroup;
			children = (
				88B6975A2647B90E00E36A1F /* ContainerBuilder.swift */,
			);
			path = Builder;
			sourceTree = "<group>";
		};
		88B6975F2647CA0300E36A1F /* Favourites */ = {
			isa = PBXGroup;
			children = (
				88AEA24526574B4B00E83B8B /* Favourites.storyboard */,
				88AEA24826574B9900E83B8B /* FavouriteCell.swift */,
				88AEA24B26574BCF00E83B8B /* FavouritePresentation.swift */,
				88B6976B2647D9E200E36A1F /* FavouritesBuilder.swift */,
				88B697722647DAEF00E36A1F /* FavouritesContract.swift */,
				88B697602647CA2800E36A1F /* FavouritesVC.swift */,
				88B6976F2647DADF00E36A1F /* FavouritesVM.swift */,
			);
			path = Favourites;
			sourceTree = "<group>";
		};
		88FD02B22656007700470DBB /* GameDetail */ = {
			isa = PBXGroup;
			children = (
				88011EAD26560E4800C469F2 /* GameDetail.storyboard */,
				88FD02B32656009C00470DBB /* GameDetailBuilder.swift */,
				88FD02B72656010A00470DBB /* GameDetailContract.swift */,
				88AEA1F72657063100E83B8B /* GameDetailPresentation.swift */,
				88AD4DB42656015800FB6A79 /* GameDetailVC.swift */,
				88AD4DB72656016400FB6A79 /* GameDetailVM.swift */,
			);
			path = GameDetail;
			sourceTree = "<group>";
		};
/* End PBXGroup section */

/* Begin PBXNativeTarget section */
		885314D624791CCF0054F839 /* games */ = {
			isa = PBXNativeTarget;
			buildConfigurationList = 8853150124791CD50054F839 /* Build configuration list for PBXNativeTarget "games" */;
			buildPhases = (
				C00057999E34A1BBB8C0372E /* [CP] Check Pods Manifest.lock */,
				885314D324791CCF0054F839 /* Sources */,
				885314D424791CCF0054F839 /* Frameworks */,
				885314D524791CCF0054F839 /* Resources */,
			);
			buildRules = (
			);
			dependencies = (
			);
			name = games;
			productName = hasenat;
			productReference = 885314D724791CCF0054F839 /* games.app */;
			productType = "com.apple.product-type.application";
		};
/* End PBXNativeTarget section */

/* Begin PBXProject section */
		885314CF24791CCE0054F839 /* Project object */ = {
			isa = PBXProject;
			attributes = {
				LastSwiftUpdateCheck = 1120;
				LastUpgradeCheck = 1250;
				ORGANIZATIONNAME = "ali güneş";
				TargetAttributes = {
					885314D624791CCF0054F839 = {
						CreatedOnToolsVersion = 11.2.1;
					};
				};
			};
			buildConfigurationList = 885314D224791CCE0054F839 /* Build configuration list for PBXProject "games" */;
			compatibilityVersion = "Xcode 9.3";
			developmentRegion = en;
			hasScannedForEncodings = 0;
			knownRegions = (
				en,
				Base,
				tr,
			);
			mainGroup = 885314CE24791CCE0054F839;
			productRefGroup = 885314D824791CCF0054F839 /* Products */;
			projectDirPath = "";
			projectRoot = "";
			targets = (
				885314D624791CCF0054F839 /* games */,
			);
		};
/* End PBXProject section */

/* Begin PBXResourcesBuildPhase section */
		885314D524791CCF0054F839 /* Resources */ = {
			isa = PBXResourcesBuildPhase;
			buildActionMask = 2147483647;
			files = (
				8811FE8526487D6C00E78864 /* Games.storyboard in Resources */,
				8894A19D24833F5B0009F8A6 /* LaunchScreen.storyboard in Resources */,
				88AEA24626574B4B00E83B8B /* Favourites.storyboard in Resources */,
				8894A1962483385F0009F8A6 /* Localizable.strings in Resources */,
				88011EAE26560E4800C469F2 /* GameDetail.storyboard in Resources */,
				885314E424791CD50054F839 /* Assets.xcassets in Resources */,
			);
			runOnlyForDeploymentPostprocessing = 0;
		};
/* End PBXResourcesBuildPhase section */

/* Begin PBXShellScriptBuildPhase section */
		C00057999E34A1BBB8C0372E /* [CP] Check Pods Manifest.lock */ = {
			isa = PBXShellScriptBuildPhase;
			buildActionMask = 2147483647;
			files = (
			);
			inputFileListPaths = (
			);
			inputPaths = (
				"${PODS_PODFILE_DIR_PATH}/Podfile.lock",
				"${PODS_ROOT}/Manifest.lock",
			);
			name = "[CP] Check Pods Manifest.lock";
			outputFileListPaths = (
			);
			outputPaths = (
				"$(DERIVED_FILE_DIR)/Pods-games-checkManifestLockResult.txt",
			);
			runOnlyForDeploymentPostprocessing = 0;
			shellPath = /bin/sh;
			shellScript = "diff \"${PODS_PODFILE_DIR_PATH}/Podfile.lock\" \"${PODS_ROOT}/Manifest.lock\" > /dev/null\nif [ $? != 0 ] ; then\n    # print error to STDERR\n    echo \"error: The sandbox is not in sync with the Podfile.lock. Run 'pod install' or update your CocoaPods installation.\" >&2\n    exit 1\nfi\n# This output is used by Xcode 'outputs' to avoid re-running this script phase.\necho \"SUCCESS\" > \"${SCRIPT_OUTPUT_FILE_0}\"\n";
			showEnvVarsInLog = 0;
		};
/* End PBXShellScriptBuildPhase section */

/* Begin PBXSourcesBuildPhase section */
		885314D324791CCF0054F839 /* Sources */ = {
			isa = PBXSourcesBuildPhase;
			buildActionMask = 2147483647;
			files = (
				88961E3C2647F9D6008FA7ED /* NetworkManager.swift in Sources */,
				8898EDCE2654911900EF97E5 /* FavouriteStorageModel.swift in Sources */,
				88B697702647DADF00E36A1F /* FavouritesVM.swift in Sources */,
				8811FE952648955D00E78864 /* GenreResponseDTO.swift in Sources */,
				8894A173248318ED0009F8A6 /* RouterProtocol.swift in Sources */,
				8811FE7C26485CF900E78864 /* GameCell.swift in Sources */,
				8894A19B24833E720009F8A6 /* MainContainer.swift in Sources */,
				88AEA23E2657407B00E83B8B /* StorageService.swift in Sources */,
				88961E5926480F08008FA7ED /* Encodable.swift in Sources */,
				88B6974C2647B69D00E36A1F /* AppDelegate.swift in Sources */,
				8894A1A3248457640009F8A6 /* GamesVM.swift in Sources */,
				8894A1902483328B0009F8A6 /* GamesVC.swift in Sources */,
				88B01F2F26537D8200E84E69 /* Observable.swift in Sources */,
				88AEA24C26574BCF00E83B8B /* FavouritePresentation.swift in Sources */,
				88B48598249571C8002D8DD8 /* NavigatingRouterProtocol.swift in Sources */,
				8811FE92264894F500E78864 /* SearchResponseDTO.swift in Sources */,
				88FD02B82656010A00470DBB /* GameDetailContract.swift in Sources */,
				88AD4DB52656015800FB6A79 /* GameDetailVC.swift in Sources */,
				88AEA1F82657063100E83B8B /* GameDetailPresentation.swift in Sources */,
				88B01F282651C36E00E84E69 /* ImageCacheManager.swift in Sources */,
				8894A19F248457410009F8A6 /* GamesBuilder.swift in Sources */,
				88AD4DB82656016400FB6A79 /* GameDetailVM.swift in Sources */,
				8894A18024832DF90009F8A6 /* MainTabBarController.swift in Sources */,
				8811FE882648882A00E78864 /* UIStoryboard.swift in Sources */,
				88FD02B42656009C00470DBB /* GameDetailBuilder.swift in Sources */,
				88B697732647DAEF00E36A1F /* FavouritesContract.swift in Sources */,
				8894A186248331120009F8A6 /* GamesRouter.swift in Sources */,
				88AEA22F26571AAE00E83B8B /* UILabel.swift in Sources */,
				8894A184248330F80009F8A6 /* FavouritesRouter.swift in Sources */,
				8898EDBC26547AE900EF97E5 /* GameDetail.swift in Sources */,
				8898EDBF26547C5200EF97E5 /* DetailResponseDTO.swift in Sources */,
				8811FE8B264888AD00E78864 /* StoryboardName.swift in Sources */,
				8894A193248336E80009F8A6 /* String.swift in Sources */,
				8894A1A5248C2F8F0009F8A6 /* ContainerProtocol.swift in Sources */,
				8894A1A1248457560009F8A6 /* GamesContract.swift in Sources */,
				88B697612647CA2800E36A1F /* FavouritesVC.swift in Sources */,
				88961E382647F8D2008FA7ED /* AppConfiguration.swift in Sources */,
				88B6975B2647B90E00E36A1F /* ContainerBuilder.swift in Sources */,
				88B01F2B2651C6EA00E84E69 /* UIImage.swift in Sources */,
				8811FE982648B4A500E78864 /* DataWrapper.swift in Sources */,
				88961E502648010D008FA7ED /* NetworkResult.swift in Sources */,
				88961E4D26480004008FA7ED /* NetworkError.swift in Sources */,
				8894A18224832E760009F8A6 /* MainScene.swift in Sources */,
				88961E492647FFDA008FA7ED /* NetworkService.swift in Sources */,
				88961E5626480A9F008FA7ED /* Print.swift in Sources */,
				88961E60264836B4008FA7ED /* DetailRequestDTO.swift in Sources */,
				8811FE7F26485D0500E78864 /* GamePresentation.swift in Sources */,
				8811FE8F26488E3400E78864 /* SearchListResponseDTO.swift in Sources */,
				88961E5D26482034008FA7ED /* SearchRequestDTO.swift in Sources */,
				8894A1762483199E0009F8A6 /* MainRouter.swift in Sources */,
				8894A170248314A40009F8A6 /* App.swift in Sources */,
				88B01F342653814800E84E69 /* Game.swift in Sources */,
				88AEA24926574B9900E83B8B /* FavouriteCell.swift in Sources */,
				88961E5326480220008FA7ED /* Data.swift in Sources */,
				88B6976C2647D9E200E36A1F /* FavouritesBuilder.swift in Sources */,
				8898EDC42654881000EF97E5 /* StorageManager.swift in Sources */,
				88AEA2422657408900E83B8B /* FavouriteStorageService.swift in Sources */,
			);
			runOnlyForDeploymentPostprocessing = 0;
		};
/* End PBXSourcesBuildPhase section */

/* Begin PBXVariantGroup section */
		8894A1982483385F0009F8A6 /* Localizable.strings */ = {
			isa = PBXVariantGroup;
			children = (
				8894A1972483385F0009F8A6 /* en */,
				8894A199248338CF0009F8A6 /* tr */,
			);
			name = Localizable.strings;
			sourceTree = "<group>";
		};
/* End PBXVariantGroup section */

/* Begin XCBuildConfiguration section */
		885314FF24791CD50054F839 /* Debug */ = {
			isa = XCBuildConfiguration;
			buildSettings = {
				ALWAYS_SEARCH_USER_PATHS = NO;
				CLANG_ANALYZER_LOCALIZABILITY_NONLOCALIZED = YES;
				CLANG_ANALYZER_NONNULL = YES;
				CLANG_ANALYZER_NUMBER_OBJECT_CONVERSION = YES_AGGRESSIVE;
				CLANG_CXX_LANGUAGE_STANDARD = "gnu++14";
				CLANG_CXX_LIBRARY = "libc++";
				CLANG_ENABLE_MODULES = YES;
				CLANG_ENABLE_OBJC_ARC = YES;
				CLANG_ENABLE_OBJC_WEAK = YES;
				CLANG_WARN_BLOCK_CAPTURE_AUTORELEASING = YES;
				CLANG_WARN_BOOL_CONVERSION = YES;
				CLANG_WARN_COMMA = YES;
				CLANG_WARN_CONSTANT_CONVERSION = YES;
				CLANG_WARN_DEPRECATED_OBJC_IMPLEMENTATIONS = YES;
				CLANG_WARN_DIRECT_OBJC_ISA_USAGE = YES_ERROR;
				CLANG_WARN_DOCUMENTATION_COMMENTS = YES;
				CLANG_WARN_EMPTY_BODY = YES;
				CLANG_WARN_ENUM_CONVERSION = YES;
				CLANG_WARN_INFINITE_RECURSION = YES;
				CLANG_WARN_INT_CONVERSION = YES;
				CLANG_WARN_NON_LITERAL_NULL_CONVERSION = YES;
				CLANG_WARN_OBJC_IMPLICIT_RETAIN_SELF = YES;
				CLANG_WARN_OBJC_LITERAL_CONVERSION = YES;
				CLANG_WARN_OBJC_ROOT_CLASS = YES_ERROR;
				CLANG_WARN_QUOTED_INCLUDE_IN_FRAMEWORK_HEADER = YES;
				CLANG_WARN_RANGE_LOOP_ANALYSIS = YES;
				CLANG_WARN_STRICT_PROTOTYPES = YES;
				CLANG_WARN_SUSPICIOUS_MOVE = YES;
				CLANG_WARN_UNGUARDED_AVAILABILITY = YES_AGGRESSIVE;
				CLANG_WARN_UNREACHABLE_CODE = YES;
				CLANG_WARN__DUPLICATE_METHOD_MATCH = YES;
				COPY_PHASE_STRIP = NO;
				DEBUG_INFORMATION_FORMAT = dwarf;
				ENABLE_STRICT_OBJC_MSGSEND = YES;
				ENABLE_TESTABILITY = YES;
				GCC_C_LANGUAGE_STANDARD = gnu11;
				GCC_DYNAMIC_NO_PIC = NO;
				GCC_NO_COMMON_BLOCKS = YES;
				GCC_OPTIMIZATION_LEVEL = 0;
				GCC_PREPROCESSOR_DEFINITIONS = (
					"DEBUG=1",
					"$(inherited)",
				);
				GCC_WARN_64_TO_32_BIT_CONVERSION = YES;
				GCC_WARN_ABOUT_RETURN_TYPE = YES_ERROR;
				GCC_WARN_UNDECLARED_SELECTOR = YES;
				GCC_WARN_UNINITIALIZED_AUTOS = YES_AGGRESSIVE;
				GCC_WARN_UNUSED_FUNCTION = YES;
				GCC_WARN_UNUSED_VARIABLE = YES;
				IPHONEOS_DEPLOYMENT_TARGET = 11.0;
				MTL_ENABLE_DEBUG_INFO = INCLUDE_SOURCE;
				MTL_FAST_MATH = YES;
				ONLY_ACTIVE_ARCH = YES;
				SDKROOT = iphoneos;
				SWIFT_ACTIVE_COMPILATION_CONDITIONS = DEBUG;
				SWIFT_OPTIMIZATION_LEVEL = "-Onone";
			};
			name = Debug;
		};
		8853150024791CD50054F839 /* Release */ = {
			isa = XCBuildConfiguration;
			buildSettings = {
				ALWAYS_SEARCH_USER_PATHS = NO;
				CLANG_ANALYZER_LOCALIZABILITY_NONLOCALIZED = YES;
				CLANG_ANALYZER_NONNULL = YES;
				CLANG_ANALYZER_NUMBER_OBJECT_CONVERSION = YES_AGGRESSIVE;
				CLANG_CXX_LANGUAGE_STANDARD = "gnu++14";
				CLANG_CXX_LIBRARY = "libc++";
				CLANG_ENABLE_MODULES = YES;
				CLANG_ENABLE_OBJC_ARC = YES;
				CLANG_ENABLE_OBJC_WEAK = YES;
				CLANG_WARN_BLOCK_CAPTURE_AUTORELEASING = YES;
				CLANG_WARN_BOOL_CONVERSION = YES;
				CLANG_WARN_COMMA = YES;
				CLANG_WARN_CONSTANT_CONVERSION = YES;
				CLANG_WARN_DEPRECATED_OBJC_IMPLEMENTATIONS = YES;
				CLANG_WARN_DIRECT_OBJC_ISA_USAGE = YES_ERROR;
				CLANG_WARN_DOCUMENTATION_COMMENTS = YES;
				CLANG_WARN_EMPTY_BODY = YES;
				CLANG_WARN_ENUM_CONVERSION = YES;
				CLANG_WARN_INFINITE_RECURSION = YES;
				CLANG_WARN_INT_CONVERSION = YES;
				CLANG_WARN_NON_LITERAL_NULL_CONVERSION = YES;
				CLANG_WARN_OBJC_IMPLICIT_RETAIN_SELF = YES;
				CLANG_WARN_OBJC_LITERAL_CONVERSION = YES;
				CLANG_WARN_OBJC_ROOT_CLASS = YES_ERROR;
				CLANG_WARN_QUOTED_INCLUDE_IN_FRAMEWORK_HEADER = YES;
				CLANG_WARN_RANGE_LOOP_ANALYSIS = YES;
				CLANG_WARN_STRICT_PROTOTYPES = YES;
				CLANG_WARN_SUSPICIOUS_MOVE = YES;
				CLANG_WARN_UNGUARDED_AVAILABILITY = YES_AGGRESSIVE;
				CLANG_WARN_UNREACHABLE_CODE = YES;
				CLANG_WARN__DUPLICATE_METHOD_MATCH = YES;
				COPY_PHASE_STRIP = NO;
				DEBUG_INFORMATION_FORMAT = "dwarf-with-dsym";
				ENABLE_NS_ASSERTIONS = NO;
				ENABLE_STRICT_OBJC_MSGSEND = YES;
				GCC_C_LANGUAGE_STANDARD = gnu11;
				GCC_NO_COMMON_BLOCKS = YES;
				GCC_WARN_64_TO_32_BIT_CONVERSION = YES;
				GCC_WARN_ABOUT_RETURN_TYPE = YES_ERROR;
				GCC_WARN_UNDECLARED_SELECTOR = YES;
				GCC_WARN_UNINITIALIZED_AUTOS = YES_AGGRESSIVE;
				GCC_WARN_UNUSED_FUNCTION = YES;
				GCC_WARN_UNUSED_VARIABLE = YES;
				IPHONEOS_DEPLOYMENT_TARGET = 11.0;
				MTL_ENABLE_DEBUG_INFO = NO;
				MTL_FAST_MATH = YES;
				SDKROOT = iphoneos;
				SWIFT_COMPILATION_MODE = wholemodule;
				SWIFT_OPTIMIZATION_LEVEL = "-O";
				VALIDATE_PRODUCT = YES;
			};
			name = Release;
		};
		8853150224791CD50054F839 /* Debug */ = {
			isa = XCBuildConfiguration;
			baseConfigurationReference = B5F154B7502FE26A75EA5066 /* Pods-games.debug.xcconfig */;
			buildSettings = {
				ASSETCATALOG_COMPILER_APPICON_NAME = AppIcon;
				CODE_SIGN_ENTITLEMENTS = games/games.entitlements;
				CODE_SIGN_STYLE = Automatic;
				DEVELOPMENT_TEAM = CX3V6YWNLY;
				INFOPLIST_FILE = games/Info.plist;
				IPHONEOS_DEPLOYMENT_TARGET = 11.0;
				LD_RUNPATH_SEARCH_PATHS = (
					"$(inherited)",
					"@executable_path/Frameworks",
				);
				PRODUCT_BUNDLE_IDENTIFIER = com.alig.games;
				PRODUCT_NAME = "$(TARGET_NAME)";
				SWIFT_VERSION = 5.0;
				TARGETED_DEVICE_FAMILY = "1,2";
			};
			name = Debug;
		};
		8853150324791CD50054F839 /* Release */ = {
			isa = XCBuildConfiguration;
			baseConfigurationReference = 21F39E2EE8617D42975A0C21 /* Pods-games.release.xcconfig */;
			buildSettings = {
				ASSETCATALOG_COMPILER_APPICON_NAME = AppIcon;
				CODE_SIGN_ENTITLEMENTS = games/games.entitlements;
				CODE_SIGN_STYLE = Automatic;
				DEVELOPMENT_TEAM = CX3V6YWNLY;
				INFOPLIST_FILE = games/Info.plist;
				IPHONEOS_DEPLOYMENT_TARGET = 11.0;
				LD_RUNPATH_SEARCH_PATHS = (
					"$(inherited)",
					"@executable_path/Frameworks",
				);
				PRODUCT_BUNDLE_IDENTIFIER = com.alig.games;
				PRODUCT_NAME = "$(TARGET_NAME)";
				SWIFT_VERSION = 5.0;
				TARGETED_DEVICE_FAMILY = "1,2";
			};
			name = Release;
		};
/* End XCBuildConfiguration section */

/* Begin XCConfigurationList section */
		885314D224791CCE0054F839 /* Build configuration list for PBXProject "games" */ = {
			isa = XCConfigurationList;
			buildConfigurations = (
				885314FF24791CD50054F839 /* Debug */,
				8853150024791CD50054F839 /* Release */,
			);
			defaultConfigurationIsVisible = 0;
			defaultConfigurationName = Release;
		};
		8853150124791CD50054F839 /* Build configuration list for PBXNativeTarget "games" */ = {
			isa = XCConfigurationList;
			buildConfigurations = (
				8853150224791CD50054F839 /* Debug */,
				8853150324791CD50054F839 /* Release */,
			);
			defaultConfigurationIsVisible = 0;
			defaultConfigurationName = Release;
		};
/* End XCConfigurationList section */
	};
	rootObject = 885314CF24791CCE0054F839 /* Project object */;
}
